
Microsoft Visual Studio Solution File, Format Version 12.00
# Visual Studio Version 17
VisualStudioVersion = 17.0.31903.59
MinimumVisualStudioVersion = 10.0.40219.1
Project("{2150E333-8FDC-42A3-9474-1A3956D46DE8}") = "src", "src", "{07335E54-D1E4-49F7-BE00-079421A5BFBA}"
EndProject
Project("{FAE04EC0-301F-11D3-BF4B-00C04F79EFBC}") = "OverlayEngine.Core", "src\OverlayEngine.Core\OverlayEngine.Core.csproj", "{B841654E-006A-418F-B31A-4FE421C4153C}"
EndProject
Project("{FAE04EC0-301F-11D3-BF4B-00C04F79EFBC}") = "OverlayEngine.UI", "src\OverlayEngine.UI\OverlayEngine.UI.csproj", "{48E80CAE-C84C-4110-9953-3A5993C46040}"
EndProject
Global
	GlobalSection(SolutionConfigurationPlatforms) = preSolution
		Debug|Any CPU = Debug|Any CPU
		Release|Any CPU = Release|Any CPU
	EndGlobalSection
	GlobalSection(SolutionProperties) = preSolution
		HideSolutionNode = FALSE
	EndGlobalSection
	GlobalSection(ProjectConfigurationPlatforms) = postSolution
		{B841654E-006A-418F-B31A-4FE421C4153C}.Debug|Any CPU.ActiveCfg = Debug|Any CPU
		{B841654E-006A-418F-B31A-4FE421C4153C}.Debug|Any CPU.Build.0 = Debug|Any CPU
		{B841654E-006A-418F-B31A-4FE421C4153C}.Release|Any CPU.ActiveCfg = Release|Any CPU
		{B841654E-006A-418F-B31A-4FE421C4153C}.Release|Any CPU.Build.0 = Release|Any CPU
		{48E80CAE-C84C-4110-9953-3A5993C46040}.Debug|Any CPU.ActiveCfg = Debug|Any CPU
		{48E80CAE-C84C-4110-9953-3A5993C46040}.Debug|Any CPU.Build.0 = Debug|Any CPU
		{48E80CAE-C84C-4110-9953-3A5993C46040}.Release|Any CPU.ActiveCfg = Release|Any CPU
		{48E80CAE-C84C-4110-9953-3A5993C46040}.Release|Any CPU.Build.0 = Release|Any CPU
	EndGlobalSection
	GlobalSection(NestedProjects) = preSolution
		{B841654E-006A-418F-B31A-4FE421C4153C} = {07335E54-D1E4-49F7-BE00-079421A5BFBA}
		{48E80CAE-C84C-4110-9953-3A5993C46040} = {07335E54-D1E4-49F7-BE00-079421A5BFBA}
	EndGlobalSection
EndGlobal
